
Microsoft Visual Studio Solution File, Format Version 12.00
# Visual Studio Version 16
VisualStudioVersion = 16.0.31515.178
MinimumVisualStudioVersion = 10.0.40219.1
Project("{FAE04EC0-301F-11D3-BF4B-00C04F79EFBC}") = "TaskKiller", "TaskKiller\TaskKiller.csproj", "{2FCB574C-313A-481C-93EE-6095C8D05F17}"
EndProject
Project("{FAE04EC0-301F-11D3-BF4B-00C04F79EFBC}") = "Test_TaskKiller", "Test_TaskKiller\Test_TaskKiller.csproj", "{3EA2027E-E1A1-4ED3-AA8F-BBA2850070F2}"
EndProject
Global
	GlobalSection(SolutionConfigurationPlatforms) = preSolution
		Debug|Any CPU = Debug|Any CPU
		Release|Any CPU = Release|Any CPU
	EndGlobalSection
	GlobalSection(ProjectConfigurationPlatforms) = postSolution
		{2FCB574C-313A-481C-93EE-6095C8D05F17}.Debug|Any CPU.ActiveCfg = Debug|Any CPU
		{2FCB574C-313A-481C-93EE-6095C8D05F17}.Debug|Any CPU.Build.0 = Debug|Any CPU
		{2FCB574C-313A-481C-93EE-6095C8D05F17}.Release|Any CPU.ActiveCfg = Release|Any CPU
		{2FCB574C-313A-481C-93EE-6095C8D05F17}.Release|Any CPU.Build.0 = Release|Any CPU
		{3EA2027E-E1A1-4ED3-AA8F-BBA2850070F2}.Debug|Any CPU.ActiveCfg = Debug|Any CPU
		{3EA2027E-E1A1-4ED3-AA8F-BBA2850070F2}.Debug|Any CPU.Build.0 = Debug|Any CPU
		{3EA2027E-E1A1-4ED3-AA8F-BBA2850070F2}.Release|Any CPU.ActiveCfg = Release|Any CPU
		{3EA2027E-E1A1-4ED3-AA8F-BBA2850070F2}.Release|Any CPU.Build.0 = Release|Any CPU
	EndGlobalSection
	GlobalSection(SolutionProperties) = preSolution
		HideSolutionNode = FALSE
	EndGlobalSection
	GlobalSection(ExtensibilityGlobals) = postSolution
		SolutionGuid = {D41F864B-DFD1-403D-853A-641CDDB7E9C6}
	EndGlobalSection
EndGlobal
